{
  "name": "@astraload/profilers",
  "version": "2.0.2",
  "lockfileVersion": 1,
  "requires": true,
  "dependencies": {
    "@types/node": {
      "version": "14.18.63",
      "resolved": "https://registry.npmjs.org/@types/node/-/node-14.18.63.tgz",
      "integrity": "sha512-fAtCfv4jJg+ExtXhvCkCqUKZ+4ok/JQk01qDKhL5BDDoS3AxKXhV5/MAVUZyQnSEd2GT92fkgZl0pz0Q0AzcIQ==",
      "dev": true
    },
    "nan": {
      "version": "2.14.0",
      "resolved": "https://registry.npmjs.org/nan/-/nan-2.14.0.tgz",
      "integrity": "sha512-INOFj37C7k3AfaNTtX8RhsTw7qRy7eLET14cROi9+5HAVbbHuIWUHEauBv5qT4Av2tWasiTY1Jw6puUNqRJXQg=="
    },
    "v8-profiler-next": {
      "version": "1.2.2",
      "resolved": "https://registry.npmjs.org/v8-profiler-next/-/v8-profiler-next-1.2.2.tgz",
      "integrity": "sha512-I9qiU6UfNJz5QIeXpx31kTh4ypH3r5W0ljgX92jBjfmEYRpSK2DK5OaPQYUr7mKnDgJALtG2eBX9j8fDp+b62w==",
      "requires": {
        "nan": "^2.14.0"
      }
    }
  }
}
